
Microsoft Visual Studio Solution File, Format Version 11.00
# Visual Studio 2010
Project("{FAE04EC0-301F-11D3-BF4B-00C04F79EFBC}") = "TVRename", "TVRename\TVRename.csproj", "{2FFF6A6D-6094-47FF-AB34-E04E644F8F9C}"
EndProject
Project("{FAE04EC0-301F-11D3-BF4B-00C04F79EFBC}") = "TvRename.Core", "TvRename.Core\TvRename.Core.csproj", "{3BF4C292-7DC2-4209-8FD8-2C722F405450}"
EndProject
Project("{FAE04EC0-301F-11D3-BF4B-00C04F79EFBC}") = "TvRename.Utils", "TvRename.Utils\TvRename.Utils.csproj", "{991DB31A-7899-47C6-9CCA-300BE545F8E1}"
EndProject
Project("{FAE04EC0-301F-11D3-BF4B-00C04F79EFBC}") = "TvRename.TheTVDB", "TvRename.TheTVDB\TvRename.TheTVDB.csproj", "{31C7A3E1-1B31-42D4-B6A6-D6B960BC2233}"
EndProject
Project("{FAE04EC0-301F-11D3-BF4B-00C04F79EFBC}") = "TestConsole", "TestConsole\TestConsole.csproj", "{0621AA9A-3CEB-4333-BAF9-54931958772D}"
EndProject
Global
	GlobalSection(SolutionConfigurationPlatforms) = preSolution
		Debug|Any CPU = Debug|Any CPU
		Debug|Mixed Platforms = Debug|Mixed Platforms
		Debug|x86 = Debug|x86
		Release|Any CPU = Release|Any CPU
		Release|Mixed Platforms = Release|Mixed Platforms
		Release|x86 = Release|x86
	EndGlobalSection
	GlobalSection(ProjectConfigurationPlatforms) = postSolution
		{2FFF6A6D-6094-47FF-AB34-E04E644F8F9C}.Debug|Any CPU.ActiveCfg = Debug|Any CPU
		{2FFF6A6D-6094-47FF-AB34-E04E644F8F9C}.Debug|Any CPU.Build.0 = Debug|Any CPU
		{2FFF6A6D-6094-47FF-AB34-E04E644F8F9C}.Debug|Mixed Platforms.ActiveCfg = Debug|Any CPU
		{2FFF6A6D-6094-47FF-AB34-E04E644F8F9C}.Debug|Mixed Platforms.Build.0 = Debug|Any CPU
		{2FFF6A6D-6094-47FF-AB34-E04E644F8F9C}.Debug|x86.ActiveCfg = Debug|Any CPU
		{2FFF6A6D-6094-47FF-AB34-E04E644F8F9C}.Release|Any CPU.ActiveCfg = Release|Any CPU
		{2FFF6A6D-6094-47FF-AB34-E04E644F8F9C}.Release|Any CPU.Build.0 = Release|Any CPU
		{2FFF6A6D-6094-47FF-AB34-E04E644F8F9C}.Release|Mixed Platforms.ActiveCfg = Release|Any CPU
		{2FFF6A6D-6094-47FF-AB34-E04E644F8F9C}.Release|Mixed Platforms.Build.0 = Release|Any CPU
		{2FFF6A6D-6094-47FF-AB34-E04E644F8F9C}.Release|x86.ActiveCfg = Release|Any CPU
		{3BF4C292-7DC2-4209-8FD8-2C722F405450}.Debug|Any CPU.ActiveCfg = Debug|Any CPU
		{3BF4C292-7DC2-4209-8FD8-2C722F405450}.Debug|Any CPU.Build.0 = Debug|Any CPU
		{3BF4C292-7DC2-4209-8FD8-2C722F405450}.Debug|Mixed Platforms.ActiveCfg = Debug|Any CPU
		{3BF4C292-7DC2-4209-8FD8-2C722F405450}.Debug|Mixed Platforms.Build.0 = Debug|Any CPU
		{3BF4C292-7DC2-4209-8FD8-2C722F405450}.Debug|x86.ActiveCfg = Debug|Any CPU
		{3BF4C292-7DC2-4209-8FD8-2C722F405450}.Release|Any CPU.ActiveCfg = Release|Any CPU
		{3BF4C292-7DC2-4209-8FD8-2C722F405450}.Release|Any CPU.Build.0 = Release|Any CPU
		{3BF4C292-7DC2-4209-8FD8-2C722F405450}.Release|Mixed Platforms.ActiveCfg = Release|Any CPU
		{3BF4C292-7DC2-4209-8FD8-2C722F405450}.Release|Mixed Platforms.Build.0 = Release|Any CPU
		{3BF4C292-7DC2-4209-8FD8-2C722F405450}.Release|x86.ActiveCfg = Release|Any CPU
		{991DB31A-7899-47C6-9CCA-300BE545F8E1}.Debug|Any CPU.ActiveCfg = Debug|Any CPU
		{991DB31A-7899-47C6-9CCA-300BE545F8E1}.Debug|Any CPU.Build.0 = Debug|Any CPU
		{991DB31A-7899-47C6-9CCA-300BE545F8E1}.Debug|Mixed Platforms.ActiveCfg = Debug|Any CPU
		{991DB31A-7899-47C6-9CCA-300BE545F8E1}.Debug|Mixed Platforms.Build.0 = Debug|Any CPU
		{991DB31A-7899-47C6-9CCA-300BE545F8E1}.Debug|x86.ActiveCfg = Debug|Any CPU
		{991DB31A-7899-47C6-9CCA-300BE545F8E1}.Release|Any CPU.ActiveCfg = Release|Any CPU
		{991DB31A-7899-47C6-9CCA-300BE545F8E1}.Release|Any CPU.Build.0 = Release|Any CPU
		{991DB31A-7899-47C6-9CCA-300BE545F8E1}.Release|Mixed Platforms.ActiveCfg = Release|Any CPU
		{991DB31A-7899-47C6-9CCA-300BE545F8E1}.Release|Mixed Platforms.Build.0 = Release|Any CPU
		{991DB31A-7899-47C6-9CCA-300BE545F8E1}.Release|x86.ActiveCfg = Release|Any CPU
		{31C7A3E1-1B31-42D4-B6A6-D6B960BC2233}.Debug|Any CPU.ActiveCfg = Debug|Any CPU
		{31C7A3E1-1B31-42D4-B6A6-D6B960BC2233}.Debug|Any CPU.Build.0 = Debug|Any CPU
		{31C7A3E1-1B31-42D4-B6A6-D6B960BC2233}.Debug|Mixed Platforms.ActiveCfg = Debug|Any CPU
		{31C7A3E1-1B31-42D4-B6A6-D6B960BC2233}.Debug|Mixed Platforms.Build.0 = Debug|Any CPU
		{31C7A3E1-1B31-42D4-B6A6-D6B960BC2233}.Debug|x86.ActiveCfg = Debug|Any CPU
		{31C7A3E1-1B31-42D4-B6A6-D6B960BC2233}.Release|Any CPU.ActiveCfg = Release|Any CPU
		{31C7A3E1-1B31-42D4-B6A6-D6B960BC2233}.Release|Any CPU.Build.0 = Release|Any CPU
		{31C7A3E1-1B31-42D4-B6A6-D6B960BC2233}.Release|Mixed Platforms.ActiveCfg = Release|Any CPU
		{31C7A3E1-1B31-42D4-B6A6-D6B960BC2233}.Release|Mixed Platforms.Build.0 = Release|Any CPU
		{31C7A3E1-1B31-42D4-B6A6-D6B960BC2233}.Release|x86.ActiveCfg = Release|Any CPU
		{0621AA9A-3CEB-4333-BAF9-54931958772D}.Debug|Any CPU.ActiveCfg = Debug|x86
		{0621AA9A-3CEB-4333-BAF9-54931958772D}.Debug|Mixed Platforms.ActiveCfg = Debug|x86
		{0621AA9A-3CEB-4333-BAF9-54931958772D}.Debug|Mixed Platforms.Build.0 = Debug|x86
		{0621AA9A-3CEB-4333-BAF9-54931958772D}.Debug|x86.ActiveCfg = Debug|x86
		{0621AA9A-3CEB-4333-BAF9-54931958772D}.Debug|x86.Build.0 = Debug|x86
		{0621AA9A-3CEB-4333-BAF9-54931958772D}.Release|Any CPU.ActiveCfg = Release|x86
		{0621AA9A-3CEB-4333-BAF9-54931958772D}.Release|Mixed Platforms.ActiveCfg = Release|x86
		{0621AA9A-3CEB-4333-BAF9-54931958772D}.Release|Mixed Platforms.Build.0 = Release|x86
		{0621AA9A-3CEB-4333-BAF9-54931958772D}.Release|x86.ActiveCfg = Release|x86
		{0621AA9A-3CEB-4333-BAF9-54931958772D}.Release|x86.Build.0 = Release|x86
	EndGlobalSection
	GlobalSection(SolutionProperties) = preSolution
		HideSolutionNode = FALSE
	EndGlobalSection
EndGlobal
